// !$*UTF8*$!
{
	archiveVersion = 1;
	classes = {
	};
	objectVersion = 46;
	objects = {

/* Begin PBXBuildFile section */
		181279D01C45DA21003953B3 /* main.m in Sources */ = {isa = PBXBuildFile; fileRef = 181279CF1C45DA21003953B3 /* main.m */; };
		181279D31C45DA21003953B3 /* AppDelegate.m in Sources */ = {isa = PBXBuildFile; fileRef = 181279D21C45DA21003953B3 /* AppDelegate.m */; };
		181279D61C45DA21003953B3 /* ViewController.m in Sources */ = {isa = PBXBuildFile; fileRef = 181279D51C45DA21003953B3 /* ViewController.m */; };
		181279D91C45DA21003953B3 /* Main.storyboard in Resources */ = {isa = PBXBuildFile; fileRef = 181279D71C45DA21003953B3 /* Main.storyboard */; };
		181279DB1C45DA21003953B3 /* Assets.xcassets in Resources */ = {isa = PBXBuildFile; fileRef = 181279DA1C45DA21003953B3 /* Assets.xcassets */; };
		181279DE1C45DA21003953B3 /* LaunchScreen.storyboard in Resources */ = {isa = PBXBuildFile; fileRef = 181279DC1C45DA21003953B3 /* LaunchScreen.storyboard */; };
		181279E91C45DA21003953B3 /* Simple_MVVMTests.m in Sources */ = {isa = PBXBuildFile; fileRef = 181279E81C45DA21003953B3 /* Simple_MVVMTests.m */; };
		181279F41C45DA21003953B3 /* Simple_MVVMUITests.m in Sources */ = {isa = PBXBuildFile; fileRef = 181279F31C45DA21003953B3 /* Simple_MVVMUITests.m */; };
/* End PBXBuildFile section */

/* Begin PBXContainerItemProxy section */
		181279E51C45DA21003953B3 /* PBXContainerItemProxy */ = {
			isa = PBXContainerItemProxy;
			containerPortal = 181279C31C45DA21003953B3 /* Project object */;
			proxyType = 1;
			remoteGlobalIDString = 181279CA1C45DA21003953B3;
			remoteInfo = Simple_MVVM;
		};
		181279F01C45DA21003953B3 /* PBXContainerItemProxy */ = {
			isa = PBXContainerItemProxy;
			containerPortal = 181279C31C45DA21003953B3 /* Project object */;
			proxyType = 1;
			remoteGlobalIDString = 181279CA1C45DA21003953B3;
			remoteInfo = Simple_MVVM;
		};
/* End PBXContainerItemProxy section */

/* Begin PBXFileReference section */
		181279CB1C45DA21003953B3 /* Simple_MVVM.app */ = {isa = PBXFileReference; explicitFileType = wrapper.application; includeInIndex = 0; path = Simple_MVVM.app; sourceTree = BUILT_PRODUCTS_DIR; };
		181279CF1C45DA21003953B3 /* main.m */ = {isa = PBXFileReference; lastKnownFileType = sourcecode.c.objc; path = main.m; sourceTree = "<group>"; };
		181279D11C45DA21003953B3 /* AppDelegate.h */ = {isa = PBXFileReference; lastKnownFileType = sourcecode.c.h; path = AppDelegate.h; sourceTree = "<group>"; };
		181279D21C45DA21003953B3 /* AppDelegate.m */ = {isa = PBXFileReference; lastKnownFileType = sourcecode.c.objc; path = AppDelegate.m; sourceTree = "<group>"; };
		181279D41C45DA21003953B3 /* ViewController.h */ = {isa = PBXFileReference; lastKnownFileType = sourcecode.c.h; path = ViewController.h; sourceTree = "<group>"; };
		181279D51C45DA21003953B3 /* ViewController.m */ = {isa = PBXFileReference; lastKnownFileType = sourcecode.c.objc; path = ViewController.m; sourceTree = "<group>"; };
		181279D81C45DA21003953B3 /* Base */ = {isa = PBXFileReference; lastKnownFileType = file.storyboard; name = Base; path = Base.lproj/Main.storyboard; sourceTree = "<group>"; };
		181279DA1C45DA21003953B3 /* Assets.xcassets */ = {isa = PBXFileReference; lastKnownFileType = folder.assetcatalog; path = Assets.xcassets; sourceTree = "<group>"; };
		181279DD1C45DA21003953B3 /* Base */ = {isa = PBXFileReference; lastKnownFileType = file.storyboard; name = Base; path = Base.lproj/LaunchScreen.storyboard; sourceTree = "<group>"; };
		181279DF1C45DA21003953B3 /* Info.plist */ = {isa = PBXFileReference; lastKnownFileType = text.plist.xml; path = Info.plist; sourceTree = "<group>"; };
		181279E41C45DA21003953B3 /* Simple_MVVMTests.xctest */ = {isa = PBXFileReference; explicitFileType = wrapper.cfbundle; includeInIndex = 0; path = Simple_MVVMTests.xctest; sourceTree = BUILT_PRODUCTS_DIR; };
		181279E81C45DA21003953B3 /* Simple_MVVMTests.m */ = {isa = PBXFileReference; lastKnownFileType = sourcecode.c.objc; path = Simple_MVVMTests.m; sourceTree = "<group>"; };
		181279EA1C45DA21003953B3 /* Info.plist */ = {isa = PBXFileReference; lastKnownFileType = text.plist.xml; path = Info.plist; sourceTree = "<group>"; };
		181279EF1C45DA21003953B3 /* Simple_MVVMUITests.xctest */ = {isa = PBXFileReference; explicitFileType = wrapper.cfbundle; includeInIndex = 0; path = Simple_MVVMUITests.xctest; sourceTree = BUILT_PRODUCTS_DIR; };
		181279F31C45DA21003953B3 /* Simple_MVVMUITests.m */ = {isa = PBXFileReference; lastKnownFileType = sourcecode.c.objc; path = Simple_MVVMUITests.m; sourceTree = "<group>"; };
		181279F51C45DA21003953B3 /* Info.plist */ = {isa = PBXFileReference; lastKnownFileType = text.plist.xml; path = Info.plist; sourceTree = "<group>"; };
/* End PBXFileReference section */

/* Begin PBXFrameworksBuildPhase section */
		181279C81C45DA21003953B3 /* Frameworks */ = {
			isa = PBXFrameworksBuildPhase;
			buildActionMask = 2147483647;
			files = (
			);
			runOnlyForDeploymentPostprocessing = 0;
		};
		181279E11C45DA21003953B3 /* Frameworks */ = {
			isa = PBXFrameworksBuildPhase;
			buildActionMask = 2147483647;
			files = (
			);
			runOnlyForDeploymentPostprocessing = 0;
		};
		181279EC1C45DA21003953B3 /* Frameworks */ = {
			isa = PBXFrameworksBuildPhase;
			buildActionMask = 2147483647;
			files = (
			);
			runOnlyForDeploymentPostprocessing = 0;
		};
/* End PBXFrameworksBuildPhase section */

/* Begin PBXGroup section */
		181279C21C45DA21003953B3 = {
			isa = PBXGroup;
			children = (
				181279CD1C45DA21003953B3 /* Simple_MVVM */,
				181279E71C45DA21003953B3 /* Simple_MVVMTests */,
				181279F21C45DA21003953B3 /* Simple_MVVMUITests */,
				181279CC1C45DA21003953B3 /* Products */,
			);
			sourceTree = "<group>";
		};
		181279CC1C45DA21003953B3 /* Products */ = {
			isa = PBXGroup;
			children = (
				181279CB1C45DA21003953B3 /* Simple_MVVM.app */,
				181279E41C45DA21003953B3 /* Simple_MVVMTests.xctest */,
				181279EF1C45DA21003953B3 /* Simple_MVVMUITests.xctest */,
			);
			name = Products;
			sourceTree = "<group>";
		};
		181279CD1C45DA21003953B3 /* Simple_MVVM */ = {
			isa = PBXGroup;
			children = (
				181279D11C45DA21003953B3 /* AppDelegate.h */,
				181279D21C45DA21003953B3 /* AppDelegate.m */,
				181279D41C45DA21003953B3 /* ViewController.h */,
				181279D51C45DA21003953B3 /* ViewController.m */,
				181279D71C45DA21003953B3 /* Main.storyboard */,
				181279DA1C45DA21003953B3 /* Assets.xcassets */,
				181279DC1C45DA21003953B3 /* LaunchScreen.storyboard */,
				181279DF1C45DA21003953B3 /* Info.plist */,
				181279CE1C45DA21003953B3 /* Supporting Files */,
			);
			path = Simple_MVVM;
			sourceTree = "<group>";
		};
		181279CE1C45DA21003953B3 /* Supporting Files */ = {
			isa = PBXGroup;
			children = (
				181279CF1C45DA21003953B3 /* main.m */,
			);
			name = "Supporting Files";
			sourceTree = "<group>";
		};
		181279E71C45DA21003953B3 /* Simple_MVVMTests */ = {
			isa = PBXGroup;
			children = (
				181279E81C45DA21003953B3 /* Simple_MVVMTests.m */,
				181279EA1C45DA21003953B3 /* Info.plist */,
			);
			path = Simple_MVVMTests;
			sourceTree = "<group>";
		};
		181279F21C45DA21003953B3 /* Simple_MVVMUITests */ = {
			isa = PBXGroup;
			children = (
				181279F31C45DA21003953B3 /* Simple_MVVMUITests.m */,
				181279F51C45DA21003953B3 /* Info.plist */,
			);
			path = Simple_MVVMUITests;
			sourceTree = "<group>";
		};
/* End PBXGroup section */

/* Begin PBXNativeTarget section */
		181279CA1C45DA21003953B3 /* Simple_MVVM */ = {
			isa = PBXNativeTarget;
			buildConfigurationList = 181279F81C45DA21003953B3 /* Build configuration list for PBXNativeTarget "Simple_MVVM" */;
			buildPhases = (
				181279C71C45DA21003953B3 /* Sources */,
				181279C81C45DA21003953B3 /* Frameworks */,
				181279C91C45DA21003953B3 /* Resources */,
			);
			buildRules = (
			);
			dependencies = (
			);
			name = Simple_MVVM;
			productName = Simple_MVVM;
			productReference = 181279CB1C45DA21003953B3 /* Simple_MVVM.app */;
			productType = "com.apple.product-type.application";
		};
		181279E31C45DA21003953B3 /* Simple_MVVMTests */ = {
			isa = PBXNativeTarget;
			buildConfigurationList = 181279FB1C45DA21003953B3 /* Build configuration list for PBXNativeTarget "Simple_MVVMTests" */;
			buildPhases = (
				181279E01C45DA21003953B3 /* Sources */,
				181279E11C45DA21003953B3 /* Frameworks */,
				181279E21C45DA21003953B3 /* Resources */,
			);
			buildRules = (
			);
			dependencies = (
				181279E61C45DA21003953B3 /* PBXTargetDependency */,
			);
			name = Simple_MVVMTests;
			productName = Simple_MVVMTests;
			productReference = 181279E41C45DA21003953B3 /* Simple_MVVMTests.xctest */;
			productType = "com.apple.product-type.bundle.unit-test";
		};
		181279EE1C45DA21003953B3 /* Simple_MVVMUITests */ = {
			isa = PBXNativeTarget;
			buildConfigurationList = 181279FE1C45DA21003953B3 /* Build configuration list for PBXNativeTarget "Simple_MVVMUITests" */;
			buildPhases = (
				181279EB1C45DA21003953B3 /* Sources */,
				181279EC1C45DA21003953B3 /* Frameworks */,
				181279ED1C45DA21003953B3 /* Resources */,
			);
			buildRules = (
			);
			dependencies = (
				181279F11C45DA21003953B3 /* PBXTargetDependency */,
			);
			name = Simple_MVVMUITests;
			productName = Simple_MVVMUITests;
			productReference = 181279EF1C45DA21003953B3 /* Simple_MVVMUITests.xctest */;
			productType = "com.apple.product-type.bundle.ui-testing";
		};
/* End PBXNativeTarget section */

/* Begin PBXProject section */
		181279C31C45DA21003953B3 /* Project object */ = {
			isa = PBXProject;
			attributes = {
				LastUpgradeCheck = 0720;
				ORGANIZATIONNAME = hyyy;
				TargetAttributes = {
					181279CA1C45DA21003953B3 = {
						CreatedOnToolsVersion = 7.2;
					};
					181279E31C45DA21003953B3 = {
						CreatedOnToolsVersion = 7.2;
						TestTargetID = 181279CA1C45DA21003953B3;
					};
					181279EE1C45DA21003953B3 = {
						CreatedOnToolsVersion = 7.2;
						TestTargetID = 181279CA1C45DA21003953B3;
					};
				};
			};
			buildConfigurationList = 181279C61C45DA21003953B3 /* Build configuration list for PBXProject "Simple_MVVM" */;
			compatibilityVersion = "Xcode 3.2";
			developmentRegion = English;
			hasScannedForEncodings = 0;
			knownRegions = (
				en,
				Base,
			);
			mainGroup = 181279C21C45DA21003953B3;
			productRefGroup = 181279CC1C45DA21003953B3 /* Products */;
			projectDirPath = "";
			projectRoot = "";
			targets = (
				181279CA1C45DA21003953B3 /* Simple_MVVM */,
				181279E31C45DA21003953B3 /* Simple_MVVMTests */,
				181279EE1C45DA21003953B3 /* Simple_MVVMUITests */,
			);
		};
/* End PBXProject section */

/* Begin PBXResourcesBuildPhase section */
		181279C91C45DA21003953B3 /* Resources */ = {
			isa = PBXResourcesBuildPhase;
			buildActionMask = 2147483647;
			files = (
				181279DE1C45DA21003953B3 /* LaunchScreen.storyboard in Resources */,
				181279DB1C45DA21003953B3 /* Assets.xcassets in Resources */,
				181279D91C45DA21003953B3 /* Main.storyboard in Resources */,
			);
			runOnlyForDeploymentPostprocessing = 0;
		};
		181279E21C45DA21003953B3 /* Resources */ = {
			isa = PBXResourcesBuildPhase;
			buildActionMask = 2147483647;
			files = (
			);
			runOnlyForDeploymentPostprocessing = 0;
		};
		181279ED1C45DA21003953B3 /* Resources */ = {
			isa = PBXResourcesBuildPhase;
			buildActionMask = 2147483647;
			files = (
			);
			runOnlyForDeploymentPostprocessing = 0;
		};
/* End PBXResourcesBuildPhase section */

/* Begin PBXSourcesBuildPhase section */
		181279C71C45DA21003953B3 /* Sources */ = {
			isa = PBXSourcesBuildPhase;
			buildActionMask = 2147483647;
			files = (
				181279D61C45DA21003953B3 /* ViewController.m in Sources */,
				181279D31C45DA21003953B3 /* AppDelegate.m in Sources */,
				181279D01C45DA21003953B3 /* main.m in Sources */,
			);
			runOnlyForDeploymentPostprocessing = 0;
		};
		181279E01C45DA21003953B3 /* Sources */ = {
			isa = PBXSourcesBuildPhase;
			buildActionMask = 2147483647;
			files = (
				181279E91C45DA21003953B3 /* Simple_MVVMTests.m in Sources */,
			);
			runOnlyForDeploymentPostprocessing = 0;
		};
		181279EB1C45DA21003953B3 /* Sources */ = {
			isa = PBXSourcesBuildPhase;
			buildActionMask = 2147483647;
			files = (
				181279F41C45DA21003953B3 /* Simple_MVVMUITests.m in Sources */,
			);
			runOnlyForDeploymentPostprocessing = 0;
		};
/* End PBXSourcesBuildPhase section */

/* Begin PBXTargetDependency section */
		181279E61C45DA21003953B3 /* PBXTargetDependency */ = {
			isa = PBXTargetDependency;
			target = 181279CA1C45DA21003953B3 /* Simple_MVVM */;
			targetProxy = 181279E51C45DA21003953B3 /* PBXContainerItemProxy */;
		};
		181279F11C45DA21003953B3 /* PBXTargetDependency */ = {
			isa = PBXTargetDependency;
			target = 181279CA1C45DA21003953B3 /* Simple_MVVM */;
			targetProxy = 181279F01C45DA21003953B3 /* PBXContainerItemProxy */;
		};
/* End PBXTargetDependency section */

/* Begin PBXVariantGroup section */
		181279D71C45DA21003953B3 /* Main.storyboard */ = {
			isa = PBXVariantGroup;
			children = (
				181279D81C45DA21003953B3 /* Base */,
			);
			name = Main.storyboard;
			sourceTree = "<group>";
		};
		181279DC1C45DA21003953B3 /* LaunchScreen.storyboard */ = {
			isa = PBXVariantGroup;
			children = (
				181279DD1C45DA21003953B3 /* Base */,
			);
			name = LaunchScreen.storyboard;
			sourceTree = "<group>";
		};
/* End PBXVariantGroup section */

/* Begin XCBuildConfiguration section */
		181279F61C45DA21003953B3 /* Debug */ = {
			isa = XCBuildConfiguration;
			buildSettings = {
				ALWAYS_SEARCH_USER_PATHS = NO;
				CLANG_CXX_LANGUAGE_STANDARD = "gnu++0x";
				CLANG_CXX_LIBRARY = "libc++";
				CLANG_ENABLE_MODULES = YES;
				CLANG_ENABLE_OBJC_ARC = YES;
				CLANG_WARN_BOOL_CONVERSION = YES;
				CLANG_WARN_CONSTANT_CONVERSION = YES;
				CLANG_WARN_DIRECT_OBJC_ISA_USAGE = YES_ERROR;
				CLANG_WARN_EMPTY_BODY = YES;
				CLANG_WARN_ENUM_CONVERSION = YES;
				CLANG_WARN_INT_CONVERSION = YES;
				CLANG_WARN_OBJC_ROOT_CLASS = YES_ERROR;
				CLANG_WARN_UNREACHABLE_CODE = YES;
				CLANG_WARN__DUPLICATE_METHOD_MATCH = YES;
				"CODE_SIGN_IDENTITY[sdk=iphoneos*]" = "iPhone Developer";
				COPY_PHASE_STRIP = NO;
				DEBUG_INFORMATION_FORMAT = dwarf;
				ENABLE_STRICT_OBJC_MSGSEND = YES;
				ENABLE_TESTABILITY = YES;
				GCC_C_LANGUAGE_STANDARD = gnu99;
				GCC_DYNAMIC_NO_PIC = NO;
				GCC_NO_COMMON_BLOCKS = YES;
				GCC_OPTIMIZATION_LEVEL = 0;
				GCC_PREPROCESSOR_DEFINITIONS = (
					"DEBUG=1",
					"$(inherited)",
				);
				GCC_WARN_64_TO_32_BIT_CONVERSION = YES;
				GCC_WARN_ABOUT_RETURN_TYPE = YES_ERROR;
				GCC_WARN_UNDECLARED_SELECTOR = YES;
				GCC_WARN_UNINITIALIZED_AUTOS = YES_AGGRESSIVE;
				GCC_WARN_UNUSED_FUNCTION = YES;
				GCC_WARN_UNUSED_VARIABLE = YES;
				IPHONEOS_DEPLOYMENT_TARGET = 9.2;
				MTL_ENABLE_DEBUG_INFO = YES;
				ONLY_ACTIVE_ARCH = YES;
				SDKROOT = iphoneos;
			};
			name = Debug;
		};
		181279F71C45DA21003953B3 /* Release */ = {
			isa = XCBuildConfiguration;
			buildSettings = {
				ALWAYS_SEARCH_USER_PATHS = NO;
				CLANG_CXX_LANGUAGE_STANDARD = "gnu++0x";
				CLANG_CXX_LIBRARY = "libc++";
				CLANG_ENABLE_MODULES = YES;
				CLANG_ENABLE_OBJC_ARC = YES;
				CLANG_WARN_BOOL_CONVERSION = YES;
				CLANG_WARN_CONSTANT_CONVERSION = YES;
				CLANG_WARN_DIRECT_OBJC_ISA_USAGE = YES_ERROR;
				CLANG_WARN_EMPTY_BODY = YES;
				CLANG_WARN_ENUM_CONVERSION = YES;
				CLANG_WARN_INT_CONVERSION = YES;
				CLANG_WARN_OBJC_ROOT_CLASS = YES_ERROR;
				CLANG_WARN_UNREACHABLE_CODE = YES;
				CLANG_WARN__DUPLICATE_METHOD_MATCH = YES;
				"CODE_SIGN_IDENTITY[sdk=iphoneos*]" = "iPhone Developer";
				COPY_PHASE_STRIP = NO;
				DEBUG_INFORMATION_FORMAT = "dwarf-with-dsym";
				ENABLE_NS_ASSERTIONS = NO;
				ENABLE_STRICT_OBJC_MSGSEND = YES;
				GCC_C_LANGUAGE_STANDARD = gnu99;
				GCC_NO_COMMON_BLOCKS = YES;
				GCC_WARN_64_TO_32_BIT_CONVERSION = YES;
				GCC_WARN_ABOUT_RETURN_TYPE = YES_ERROR;
				GCC_WARN_UNDECLARED_SELECTOR = YES;
				GCC_WARN_UNINITIALIZED_AUTOS = YES_AGGRESSIVE;
				GCC_WARN_UNUSED_FUNCTION = YES;
				GCC_WARN_UNUSED_VARIABLE = YES;
				IPHONEOS_DEPLOYMENT_TARGET = 9.2;
				MTL_ENABLE_DEBUG_INFO = NO;
				SDKROOT = iphoneos;
				VALIDATE_PRODUCT = YES;
			};
			name = Release;
		};
		181279F91C45DA21003953B3 /* Debug */ = {
			isa = XCBuildConfiguration;
			buildSettings = {
				ASSETCATALOG_COMPILER_APPICON_NAME = AppIcon;
				INFOPLIST_FILE = Simple_MVVM/Info.plist;
				LD_RUNPATH_SEARCH_PATHS = "$(inherited) @executable_path/Frameworks";
				PRODUCT_BUNDLE_IDENTIFIER = "com.hyyy.Simple-MVVM";
				PRODUCT_NAME = "$(TARGET_NAME)";
			};
			name = Debug;
		};
		181279FA1C45DA21003953B3 /* Release */ = {
			isa = XCBuildConfiguration;
			buildSettings = {
				ASSETCATALOG_COMPILER_APPICON_NAME = AppIcon;
				INFOPLIST_FILE = Simple_MVVM/Info.plist;
				LD_RUNPATH_SEARCH_PATHS = "$(inherited) @executable_path/Frameworks";
				PRODUCT_BUNDLE_IDENTIFIER = "com.hyyy.Simple-MVVM";
				PRODUCT_NAME = "$(TARGET_NAME)";
			};
			name = Release;
		};
		181279FC1C45DA21003953B3 /* Debug */ = {
			isa = XCBuildConfiguration;
			buildSettings = {
				BUNDLE_LOADER = "$(TEST_HOST)";
				INFOPLIST_FILE = Simple_MVVMTests/Info.plist;
				LD_RUNPATH_SEARCH_PATHS = "$(inherited) @executable_path/Frameworks @loader_path/Frameworks";
				PRODUCT_BUNDLE_IDENTIFIER = "com.hyyy.Simple-MVVMTests";
				PRODUCT_NAME = "$(TARGET_NAME)";
				TEST_HOST = "$(BUILT_PRODUCTS_DIR)/Simple_MVVM.app/Simple_MVVM";
			};
			name = Debug;
		};
		181279FD1C45DA21003953B3 /* Release */ = {
			isa = XCBuildConfiguration;
			buildSettings = {
				BUNDLE_LOADER = "$(TEST_HOST)";
				INFOPLIST_FILE = Simple_MVVMTests/Info.plist;
				LD_RUNPATH_SEARCH_PATHS = "$(inherited) @executable_path/Frameworks @loader_path/Frameworks";
				PRODUCT_BUNDLE_IDENTIFIER = "com.hyyy.Simple-MVVMTests";
				PRODUCT_NAME = "$(TARGET_NAME)";
				TEST_HOST = "$(BUILT_PRODUCTS_DIR)/Simple_MVVM.app/Simple_MVVM";
			};
			name = Release;
		};
		181279FF1C45DA21003953B3 /* Debug */ = {
			isa = XCBuildConfiguration;
			buildSettings = {
				INFOPLIST_FILE = Simple_MVVMUITests/Info.plist;
				LD_RUNPATH_SEARCH_PATHS = "$(inherited) @executable_path/Frameworks @loader_path/Frameworks";
				PRODUCT_BUNDLE_IDENTIFIER = "com.hyyy.Simple-MVVMUITests";
				PRODUCT_NAME = "$(TARGET_NAME)";
				TEST_TARGET_NAME = Simple_MVVM;
				USES_XCTRUNNER = YES;
			};
			name = Debug;
		};
		18127A001C45DA21003953B3 /* Release */ = {
			isa = XCBuildConfiguration;
			buildSettings = {
				INFOPLIST_FILE = Simple_MVVMUITests/Info.plist;
				LD_RUNPATH_SEARCH_PATHS = "$(inherited) @executable_path/Frameworks @loader_path/Frameworks";
				PRODUCT_BUNDLE_IDENTIFIER = "com.hyyy.Simple-MVVMUITests";
				PRODUCT_NAME = "$(TARGET_NAME)";
				TEST_TARGET_NAME = Simple_MVVM;
				USES_XCTRUNNER = YES;
			};
			name = Release;
		};
/* End XCBuildConfiguration section */

/* Begin XCConfigurationList section */
		181279C61C45DA21003953B3 /* Build configuration list for PBXProject "Simple_MVVM" */ = {
			isa = XCConfigurationList;
			buildConfigurations = (
				181279F61C45DA21003953B3 /* Debug */,
				181279F71C45DA21003953B3 /* Release */,
			);
			defaultConfigurationIsVisible = 0;
			defaultConfigurationName = Release;
		};
		181279F81C45DA21003953B3 /* Build configuration list for PBXNativeTarget "Simple_MVVM" */ = {
			isa = XCConfigurationList;
			buildConfigurations = (
				181279F91C45DA21003953B3 /* Debug */,
				181279FA1C45DA21003953B3 /* Release */,
			);
			defaultConfigurationIsVisible = 0;
		};
		181279FB1C45DA21003953B3 /* Build configuration list for PBXNativeTarget "Simple_MVVMTests" */ = {
			isa = XCConfigurationList;
			buildConfigurations = (
				181279FC1C45DA21003953B3 /* Debug */,
				181279FD1C45DA21003953B3 /* Release */,
			);
			defaultConfigurationIsVisible = 0;
		};
		181279FE1C45DA21003953B3 /* Build configuration list for PBXNativeTarget "Simple_MVVMUITests" */ = {
			isa = XCConfigurationList;
			buildConfigurations = (
				181279FF1C45DA21003953B3 /* Debug */,
				18127A001C45DA21003953B3 /* Release */,
			);
			defaultConfigurationIsVisible = 0;
		};
/* End XCConfigurationList section */
	};
	rootObject = 181279C31C45DA21003953B3 /* Project object */;
}
